
Microsoft Visual Studio Solution File, Format Version 12.00
# Visual Studio 15
VisualStudioVersion = 15.0.28307.438
MinimumVisualStudioVersion = 10.0.40219.1
Project("{9A19103F-16F7-4668-BE54-9A1E7A4F7556}") = "JQData", "src\JQData\JQData.csproj", "{C48ADEE8-9BCB-46DD-B53C-74852AF7C416}"
EndProject
Project("{2150E333-8FDC-42A3-9474-1A3956D46DE8}") = "src", "src", "{27E3059A-281C-4BF3-B366-B542B41D1FAD}"
EndProject
Global
	GlobalSection(SolutionConfigurationPlatforms) = preSolution
		Debug|Any CPU = Debug|Any CPU
		Release|Any CPU = Release|Any CPU
	EndGlobalSection
	GlobalSection(ProjectConfigurationPlatforms) = postSolution
		{C48ADEE8-9BCB-46DD-B53C-74852AF7C416}.Debug|Any CPU.ActiveCfg = Debug|Any CPU
		{C48ADEE8-9BCB-46DD-B53C-74852AF7C416}.Debug|Any CPU.Build.0 = Debug|Any CPU
		{C48ADEE8-9BCB-46DD-B53C-74852AF7C416}.Release|Any CPU.ActiveCfg = Release|Any CPU
		{C48ADEE8-9BCB-46DD-B53C-74852AF7C416}.Release|Any CPU.Build.0 = Release|Any CPU
	EndGlobalSection
	GlobalSection(SolutionProperties) = preSolution
		HideSolutionNode = FALSE
	EndGlobalSection
	GlobalSection(NestedProjects) = preSolution
		{C48ADEE8-9BCB-46DD-B53C-74852AF7C416} = {27E3059A-281C-4BF3-B366-B542B41D1FAD}
	EndGlobalSection
	GlobalSection(ExtensibilityGlobals) = postSolution
		SolutionGuid = {BEEFAE71-E6AD-482F-A04F-ADE7DB73963F}
	EndGlobalSection
EndGlobal
